
Microsoft Visual Studio Solution File, Format Version 12.00
# Visual Studio Version 16
VisualStudioVersion = 16.0.30611.23
MinimumVisualStudioVersion = 10.0.40219.1
Project("{9A19103F-16F7-4668-BE54-9A1E7A4F7556}") = "Notebook.SignalRApi", "Notebook.WebApi\Notebook.SignalRApi.csproj", "{B8942442-03B7-41BB-8668-A1AF398FE9DE}"
EndProject
Project("{2150E333-8FDC-42A3-9474-1A3956D46DE8}") = "Web", "Web", "{FA14934D-8383-4DFA-92DD-2005B065412F}"
EndProject
Project("{2150E333-8FDC-42A3-9474-1A3956D46DE8}") = "SignalR", "SignalR", "{784B6673-3085-4FE1-96B4-C9A706309DEE}"
EndProject
Project("{2150E333-8FDC-42A3-9474-1A3956D46DE8}") = "Azure", "Azure", "{6B88F674-C55D-431F-B1F8-696710066AA4}"
EndProject
Project("{2150E333-8FDC-42A3-9474-1A3956D46DE8}") = "Functions", "Functions", "{97DF1B88-F5ED-4230-B75F-3D0ABD0C9E43}"
EndProject
Project("{2150E333-8FDC-42A3-9474-1A3956D46DE8}") = "QueueTrigger", "QueueTrigger", "{63B74E55-77ED-40DB-87ED-83BADCED2812}"
EndProject
Project("{2150E333-8FDC-42A3-9474-1A3956D46DE8}") = "AwesomeShop", "AwesomeShop", "{AA9B5628-B544-4303-B1E6-5273B610906C}"
EndProject
Project("{9A19103F-16F7-4668-BE54-9A1E7A4F7556}") = "AwesomeShop.QueueLibrary", "Notebook.Azure\Functions\Notebook.QueueTrigger\AwesomeShop\AwesomeShop.QueueLibrary\AwesomeShop.QueueLibrary.csproj", "{38F4836F-A89B-4A53-BEED-5D2434BA32EC}"
EndProject
Project("{9A19103F-16F7-4668-BE54-9A1E7A4F7556}") = "AwesomeShop.Web", "Notebook.Azure\Functions\Notebook.QueueTrigger\AwesomeShop\AwesomeShop.Web\AwesomeShop.Web.csproj", "{1775F7AF-6975-4E4B-A536-23037C62DE41}"
EndProject
Project("{9A19103F-16F7-4668-BE54-9A1E7A4F7556}") = "AwesomeShop.AzureFunctions", "Notebook.Azure\Functions\Notebook.QueueTrigger\AwesomeShop\AwesomeShop.AzureFunctions\AwesomeShop.AzureFunctions.csproj", "{78769EE0-E2A4-4B0D-975E-68217114C16B}"
EndProject
Global
	GlobalSection(SolutionConfigurationPlatforms) = preSolution
		Debug|Any CPU = Debug|Any CPU
		Release|Any CPU = Release|Any CPU
	EndGlobalSection
	GlobalSection(ProjectConfigurationPlatforms) = postSolution
		{B8942442-03B7-41BB-8668-A1AF398FE9DE}.Debug|Any CPU.ActiveCfg = Debug|Any CPU
		{B8942442-03B7-41BB-8668-A1AF398FE9DE}.Debug|Any CPU.Build.0 = Debug|Any CPU
		{B8942442-03B7-41BB-8668-A1AF398FE9DE}.Release|Any CPU.ActiveCfg = Release|Any CPU
		{B8942442-03B7-41BB-8668-A1AF398FE9DE}.Release|Any CPU.Build.0 = Release|Any CPU
		{38F4836F-A89B-4A53-BEED-5D2434BA32EC}.Debug|Any CPU.ActiveCfg = Debug|Any CPU
		{38F4836F-A89B-4A53-BEED-5D2434BA32EC}.Debug|Any CPU.Build.0 = Debug|Any CPU
		{38F4836F-A89B-4A53-BEED-5D2434BA32EC}.Release|Any CPU.ActiveCfg = Release|Any CPU
		{38F4836F-A89B-4A53-BEED-5D2434BA32EC}.Release|Any CPU.Build.0 = Release|Any CPU
		{1775F7AF-6975-4E4B-A536-23037C62DE41}.Debug|Any CPU.ActiveCfg = Debug|Any CPU
		{1775F7AF-6975-4E4B-A536-23037C62DE41}.Debug|Any CPU.Build.0 = Debug|Any CPU
		{1775F7AF-6975-4E4B-A536-23037C62DE41}.Release|Any CPU.ActiveCfg = Release|Any CPU
		{1775F7AF-6975-4E4B-A536-23037C62DE41}.Release|Any CPU.Build.0 = Release|Any CPU
		{78769EE0-E2A4-4B0D-975E-68217114C16B}.Debug|Any CPU.ActiveCfg = Debug|Any CPU
		{78769EE0-E2A4-4B0D-975E-68217114C16B}.Debug|Any CPU.Build.0 = Debug|Any CPU
		{78769EE0-E2A4-4B0D-975E-68217114C16B}.Release|Any CPU.ActiveCfg = Release|Any CPU
		{78769EE0-E2A4-4B0D-975E-68217114C16B}.Release|Any CPU.Build.0 = Release|Any CPU
	EndGlobalSection
	GlobalSection(SolutionProperties) = preSolution
		HideSolutionNode = FALSE
	EndGlobalSection
	GlobalSection(NestedProjects) = preSolution
		{B8942442-03B7-41BB-8668-A1AF398FE9DE} = {784B6673-3085-4FE1-96B4-C9A706309DEE}
		{784B6673-3085-4FE1-96B4-C9A706309DEE} = {FA14934D-8383-4DFA-92DD-2005B065412F}
		{97DF1B88-F5ED-4230-B75F-3D0ABD0C9E43} = {6B88F674-C55D-431F-B1F8-696710066AA4}
		{63B74E55-77ED-40DB-87ED-83BADCED2812} = {97DF1B88-F5ED-4230-B75F-3D0ABD0C9E43}
		{AA9B5628-B544-4303-B1E6-5273B610906C} = {63B74E55-77ED-40DB-87ED-83BADCED2812}
		{38F4836F-A89B-4A53-BEED-5D2434BA32EC} = {AA9B5628-B544-4303-B1E6-5273B610906C}
		{1775F7AF-6975-4E4B-A536-23037C62DE41} = {AA9B5628-B544-4303-B1E6-5273B610906C}
		{78769EE0-E2A4-4B0D-975E-68217114C16B} = {AA9B5628-B544-4303-B1E6-5273B610906C}
	EndGlobalSection
	GlobalSection(ExtensibilityGlobals) = postSolution
		SolutionGuid = {8BBE5690-880B-4C2D-BCA2-62535B28C701}
	EndGlobalSection
EndGlobal
