
Microsoft Visual Studio Solution File, Format Version 12.00
# Visual Studio Version 16
VisualStudioVersion = 16.0.30611.23
MinimumVisualStudioVersion = 10.0.40219.1
Project("{9A19103F-16F7-4668-BE54-9A1E7A4F7556}") = "AwesomeShop.Web", "AwesomeShop.Web\AwesomeShop.Web.csproj", "{16B88F6A-F226-4F9D-AD72-108B9F286D6C}"
EndProject
Project("{9A19103F-16F7-4668-BE54-9A1E7A4F7556}") = "AwesomeShop.AzureFunctions", "AwesomeShop.AzureFunctions\AwesomeShop.AzureFunctions.csproj", "{6F6C5AC7-D13F-4F7C-B5BD-4EEA76D75F2C}"
EndProject
Project("{9A19103F-16F7-4668-BE54-9A1E7A4F7556}") = "AwesomeShop.QueueLibrary", "AwesomeShop.QueueLibrary\AwesomeShop.QueueLibrary.csproj", "{8078EAC1-AAD4-401B-8DA7-BDF629C29EE2}"
EndProject
Global
	GlobalSection(SolutionConfigurationPlatforms) = preSolution
		Debug|Any CPU = Debug|Any CPU
		Release|Any CPU = Release|Any CPU
	EndGlobalSection
	GlobalSection(ProjectConfigurationPlatforms) = postSolution
		{16B88F6A-F226-4F9D-AD72-108B9F286D6C}.Debug|Any CPU.ActiveCfg = Debug|Any CPU
		{16B88F6A-F226-4F9D-AD72-108B9F286D6C}.Debug|Any CPU.Build.0 = Debug|Any CPU
		{16B88F6A-F226-4F9D-AD72-108B9F286D6C}.Release|Any CPU.ActiveCfg = Release|Any CPU
		{16B88F6A-F226-4F9D-AD72-108B9F286D6C}.Release|Any CPU.Build.0 = Release|Any CPU
		{6F6C5AC7-D13F-4F7C-B5BD-4EEA76D75F2C}.Debug|Any CPU.ActiveCfg = Debug|Any CPU
		{6F6C5AC7-D13F-4F7C-B5BD-4EEA76D75F2C}.Debug|Any CPU.Build.0 = Debug|Any CPU
		{6F6C5AC7-D13F-4F7C-B5BD-4EEA76D75F2C}.Release|Any CPU.ActiveCfg = Release|Any CPU
		{6F6C5AC7-D13F-4F7C-B5BD-4EEA76D75F2C}.Release|Any CPU.Build.0 = Release|Any CPU
		{8078EAC1-AAD4-401B-8DA7-BDF629C29EE2}.Debug|Any CPU.ActiveCfg = Debug|Any CPU
		{8078EAC1-AAD4-401B-8DA7-BDF629C29EE2}.Debug|Any CPU.Build.0 = Debug|Any CPU
		{8078EAC1-AAD4-401B-8DA7-BDF629C29EE2}.Release|Any CPU.ActiveCfg = Release|Any CPU
		{8078EAC1-AAD4-401B-8DA7-BDF629C29EE2}.Release|Any CPU.Build.0 = Release|Any CPU
	EndGlobalSection
	GlobalSection(SolutionProperties) = preSolution
		HideSolutionNode = FALSE
	EndGlobalSection
	GlobalSection(ExtensibilityGlobals) = postSolution
		SolutionGuid = {B14B3082-572F-4892-B503-78D116D75CCF}
	EndGlobalSection
EndGlobal
